
Microsoft Visual Studio Solution File, Format Version 12.00
# Visual Studio Version 17
VisualStudioVersion = 17.0.32126.317
MinimumVisualStudioVersion = 10.0.40219.1
Project("{FAE04EC0-301F-11D3-BF4B-00C04F79EFBC}") = "ConsignmentShopUI", "ConsignmentShopUI\ConsignmentShopUI.csproj", "{1C3E6656-890E-4FD4-B129-5780336D1235}"
EndProject
Project("{FAE04EC0-301F-11D3-BF4B-00C04F79EFBC}") = "ConsignmentShopLibrary", "ConsignmentShopLibrary\ConsignmentShopLibrary.csproj", "{075E79AC-4534-4B50-8528-AF4B842FDCB9}"
EndProject
Global
	GlobalSection(SolutionConfigurationPlatforms) = preSolution
		Debug|Any CPU = Debug|Any CPU
		Release|Any CPU = Release|Any CPU
	EndGlobalSection
	GlobalSection(ProjectConfigurationPlatforms) = postSolution
		{1C3E6656-890E-4FD4-B129-5780336D1235}.Debug|Any CPU.ActiveCfg = Debug|Any CPU
		{1C3E6656-890E-4FD4-B129-5780336D1235}.Debug|Any CPU.Build.0 = Debug|Any CPU
		{1C3E6656-890E-4FD4-B129-5780336D1235}.Release|Any CPU.ActiveCfg = Release|Any CPU
		{1C3E6656-890E-4FD4-B129-5780336D1235}.Release|Any CPU.Build.0 = Release|Any CPU
		{075E79AC-4534-4B50-8528-AF4B842FDCB9}.Debug|Any CPU.ActiveCfg = Debug|Any CPU
		{075E79AC-4534-4B50-8528-AF4B842FDCB9}.Debug|Any CPU.Build.0 = Debug|Any CPU
		{075E79AC-4534-4B50-8528-AF4B842FDCB9}.Release|Any CPU.ActiveCfg = Release|Any CPU
		{075E79AC-4534-4B50-8528-AF4B842FDCB9}.Release|Any CPU.Build.0 = Release|Any CPU
	EndGlobalSection
	GlobalSection(SolutionProperties) = preSolution
		HideSolutionNode = FALSE
	EndGlobalSection
	GlobalSection(ExtensibilityGlobals) = postSolution
		SolutionGuid = {670418DF-BBBA-4497-B751-5695C8B831E5}
	EndGlobalSection
EndGlobal
